<?xml version="1.0" encoding="utf-8"?>
<Project ToolsVersion="4.0" xmlns="http://schemas.microsoft.com/developer/msbuild/2003">
  <ItemGroup>
    <Filter Include="Source Files">
      <UniqueIdentifier>{4FC737F1-C7A5-4376-A066-2A32D752A2FF}</UniqueIdentifier>
      <Extensions>cpp;c;cc;cxx;c++;cppm;ixx;def;odl;idl;hpj;bat;asm;asmx</Extensions>
    </Filter>
    <Filter Include="Header Files">
      <UniqueIdentifier>{93995380-89BD-4b04-88EB-625FBE52EBFB}</UniqueIdentifier>
      <Extensions>h;hh;hpp;hxx;h++;hm;inl;inc;ipp;xsd</Extensions>
    </Filter>
    <Filter Include="Resource Files">
      <UniqueIdentifier>{67DA6AB6-F800-4c08-8B7A-83BB121AAD01}</UniqueIdentifier>
      <Extensions>rc;ico;cur;bmp;dlg;rc2;rct;bin;rgs;gif;jpg;jpeg;jpe;resx;tiff;tif;png;wav;mfcribbon-ms</Extensions>
    </Filter>
    <Filter Include="Source Files\Alien">
      <UniqueIdentifier>{d7874a28-4c7d-41a2-b90a-1be36f44067c}</UniqueIdentifier>
    </Filter>
    <Filter Include="Source Files\Alien\Species">
      <UniqueIdentifier>{1e79a9b0-582e-4685-8eab-07d8533263a2}</UniqueIdentifier>
    </Filter>
    <Filter Include="Header Files\Alien">
      <UniqueIdentifier>{a9adb0f2-c073-477b-89f6-c4cc883771bd}</UniqueIdentifier>
    </Filter>
    <Filter Include="Header Files\Alien\Species">
      <UniqueIdentifier>{f1f5139c-ff5b-46ef-a4d8-1f91196ba5be}</UniqueIdentifier>
    </Filter>
    <Filter Include="Header Files\Planet">
      <UniqueIdentifier>{33589a8d-bb0d-4b35-aaee-275dc43d351c}</UniqueIdentifier>
    </Filter>
    <Filter Include="Header Files\Visuals">
      <UniqueIdentifier>{70105aef-0bdc-4c9f-9bab-a573e659fccd}</UniqueIdentifier>
    </Filter>
    <Filter Include="Source Files\Visuals">
      <UniqueIdentifier>{438b106a-9e5f-46bf-8dbf-9d5c7f418478}</UniqueIdentifier>
    </Filter>
    <Filter Include="Source Files\Planet">
      <UniqueIdentifier>{434368aa-fdef-4c5f-b7e3-18b7b319bff9}</UniqueIdentifier>
    </Filter>
  </ItemGroup>
  <ItemGroup>
    <ClCompile Include="main.c">
      <Filter>Source Files</Filter>
    </ClCompile>
    <ClCompile Include="manager.c">
      <Filter>Source Files</Filter>
    </ClCompile>
    <ClCompile Include="alien_manager.c">
      <Filter>Source Files\Alien</Filter>
    </ClCompile>
    <ClCompile Include="alien_data_base.c">
      <Filter>Source Files\Alien</Filter>
    </ClCompile>
    <ClCompile Include="alien_visuals.c">
      <Filter>Source Files\Alien</Filter>
    </ClCompile>
    <ClCompile Include="flying.c">
      <Filter>Source Files\Alien\Species</Filter>
    </ClCompile>
    <ClCompile Include="glowing.c">
      <Filter>Source Files\Alien\Species</Filter>
    </ClCompile>
    <ClCompile Include="crawler.c">
      <Filter>Source Files\Alien\Species</Filter>
    </ClCompile>
    <ClCompile Include="aquatic.c">
      <Filter>Source Files\Alien\Species</Filter>
    </ClCompile>
    <ClCompile Include="camouflaged.c">
      <Filter>Source Files\Alien\Species</Filter>
    </ClCompile>
    <ClCompile Include="rocky.c">
      <Filter>Source Files\Alien\Species</Filter>
    </ClCompile>
    <ClCompile Include="gas_based.c">
      <Filter>Source Files\Alien\Species</Filter>
    </ClCompile>
    <ClCompile Include="core_visuals.c">
      <Filter>Source Files\Visuals</Filter>
    </ClCompile>
    <ClCompile Include="planet_data_base.c">
      <Filter>Source Files\Planet</Filter>
    </ClCompile>
    <ClCompile Include="planet_manager.c">
      <Filter>Source Files\Planet</Filter>
    </ClCompile>
    <ClCompile Include="input_keyboard.c">
      <Filter>Source Files</Filter>
    </ClCompile>
    <ClCompile Include="menu_option.c">
      <Filter>Source Files</Filter>
    </ClCompile>
  </ItemGroup>
  <ItemGroup>
    <ClInclude Include="manager.h">
      <Filter>Header Files</Filter>
    </ClInclude>
    <ClInclude Include="alien_manager.h">
      <Filter>Header Files\Alien</Filter>
    </ClInclude>
    <ClInclude Include="alien_data_base.h">
      <Filter>Header Files\Alien</Filter>
    </ClInclude>
    <ClInclude Include="alien_visuals.h">
      <Filter>Header Files\Alien</Filter>
    </ClInclude>
    <ClInclude Include="aquatic.h">
      <Filter>Header Files\Alien\Species</Filter>
    </ClInclude>
    <ClInclude Include="crawler.h">
      <Filter>Header Files\Alien\Species</Filter>
    </ClInclude>
    <ClInclude Include="camouflaged.h">
      <Filter>Header Files\Alien\Species</Filter>
    </ClInclude>
    <ClInclude Include="flying.h">
      <Filter>Header Files\Alien\Species</Filter>
    </ClInclude>
    <ClInclude Include="glowing.h">
      <Filter>Header Files\Alien\Species</Filter>
    </ClInclude>
    <ClInclude Include="rocky.h">
      <Filter>Header Files\Alien\Species</Filter>
    </ClInclude>
    <ClInclude Include="gas_based.h">
      <Filter>Header Files\Alien\Species</Filter>
    </ClInclude>
    <ClInclude Include="planet_data_base.h">
      <Filter>Header Files\Planet</Filter>
    </ClInclude>
    <ClInclude Include="planet_manager.h">
      <Filter>Header Files\Planet</Filter>
    </ClInclude>
    <ClInclude Include="planet_struct.h">
      <Filter>Header Files\Planet</Filter>
    </ClInclude>
    <ClInclude Include="alien_struct.h">
      <Filter>Header Files\Alien</Filter>
    </ClInclude>
    <ClInclude Include="core_visuals.h">
      <Filter>Header Files\Visuals</Filter>
    </ClInclude>
    <ClInclude Include="input_keyboard.h">
      <Filter>Header Files</Filter>
    </ClInclude>
    <ClInclude Include="menu_option.h">
      <Filter>Header Files</Filter>
    </ClInclude>
    <ClInclude Include="alien_folder.h">
      <Filter>Header Files</Filter>
    </ClInclude>
    <ClInclude Include="planet_folder.h">
      <Filter>Header Files</Filter>
    </ClInclude>
    <ClInclude Include="species_folder.h">
      <Filter>Header Files</Filter>
    </ClInclude>
    <ClInclude Include="visuals_folder.h">
      <Filter>Header Files</Filter>
    </ClInclude>
  </ItemGroup>
</Project>